PODS:
  - AsyncDisplayKit (1.2.2):
    - AsyncDisplayKit/ASDealloc2MainObject (= 1.2.2)
  - AsyncDisplayKit/ASDealloc2MainObject (1.2.2)
  - DACircularProgress (2.3.1)
  - ImagePickerSheetController (0.1.7)
  - pop (1.0.7)
  - SDWebImage (3.7.3):
    - SDWebImage/Core (= 3.7.3)
  - SDWebImage/Core (3.7.3)
  - SSImageBrowser (0.1.4):
    - DACircularProgress
    - pop
    - SDWebImage

DEPENDENCIES:
  - AsyncDisplayKit
  - ImagePickerSheetController
  - SSImageBrowser (~> 0.1.4)

SPEC CHECKSUMS:
  AsyncDisplayKit: 6b943f45844558fde1d82468820dbefcc77c7271
  DACircularProgress: 4dd437c0fc3da5161cb289e07ac449493d41db71
  ImagePickerSheetController: 127cc7a5e8da7fa17d42aa4ba7509f72af9cd71f
  pop: 628ffc631644601567ee8bfaaaea493ebd7d0923
  SDWebImage: 1d2b1a1efda1ade1b00b6f8498865f8ddedc8a84
  SSImageBrowser: a22f0c0f36e476097b33e2108427e50fbc092633

COCOAPODS: 0.37.2
